# This file is autogenerated, do not edit; changes may be undone by the next 'dep ensure'.


[[projects]]
  digest = "1:6de9cdf8ab8dbedf93fc39e7ec35a41a9aa206488a922f8b0e4a31940c36b081"
  name = "github.com/cheggaaa/pb"
  packages = ["."]
  pruneopts = "UT"
  revision = "ca7ab10606663e9efdbc3c1ad157459b5a2b0edf"
  version = "v3.0.4"

[[projects]]
  digest = "1:38286a6220cf5b85bae83d5754bbfd7218c833b4fc8b56f5d168ea4bc073ad27"
  name = "github.com/mattn/go-runewidth"
  packages = ["."]
  pruneopts = "UT"
  revision = "14e809f6d78fcf9f48ff9b70981472b64c05f754"
  version = "v0.0.9"

[[projects]]
  branch = "master"
  digest = "1:4ef1bd2aee07ac6b61f9d564dbfbf4c0dd5d143c9c69a7b0a1f0d11b3c984c7d"
  name = "github.com/sid-sun/sealion"
  packages = ["."]
  pruneopts = "UT"
  revision = "815da294ff233788068b5e3944a498faa70070cc"

[[projects]]
  branch = "master"
  digest = "1:7a8c77e587fea7bdd8d5786ed0d464a6b967e50a72fc7f56ef24699d0e7b3520"
  name = "golang.org/x/crypto"
  packages = ["sha3"]
  pruneopts = "UT"
  revision = "4b2356b1ed79e6be3deca3737a3db3d132d2847a"

[[projects]]
  branch = "master"
  digest = "1:32c9daa22a90424f14ab496550bbbb3ea78b61bc5f9f6fd024f4bad77b6722cd"
  name = "golang.org/x/sys"
  packages = [
    "cpu",
    "internal/unsafeheader",
    "unix",
  ]
  pruneopts = "UT"
  revision = "bc7a7d42d5c30f4d0fe808715c002826ce2c624e"

[solve-meta]
  analyzer-name = "dep"
  analyzer-version = 1
  input-imports = [
    "github.com/cheggaaa/pb",
    "github.com/sid-sun/sealion",
    "golang.org/x/crypto/sha3",
  ]
  solver-name = "gps-cdcl"
  solver-version = 1
